<Solution>
  <Folder Name="/cohesion-examples/">
    <File Path=".gitignore" />
    <File Path="Directory.Build.props" />
    <File Path="Directory.Build.targets" />
    <File Path="global.json" />
    <File Path="nuget.config" />
    <File Path="README.md" />
    <File Path="setup.ps1" />
  </Folder>
  <Folder Name="/single-app/">
    <Project Path="examples\single-app\Acme.Api\Acme.Api.csproj" />
    <Project Path="examples\single-app\Acme.Database\Acme.Database.csproj" />
    <Project Path="examples\single-app\Acme.Gateway\Acme.Gateway.csproj" />
  </Folder>
  <Folder Name="/k8s/Gateway/">
    <Project Path="examples\k8s\Gateway\Example.Gateway\Example.Gateway.csproj" />
  </Folder>
  <Folder Name="/k8s/Identity/">
    <Project Path="examples\k8s\Identity\Example.Identity.Gateway\Example.Identity.Gateway.csproj" />
    <Project Path="examples\k8s\Identity\Example.Identity.IdentityHub\Example.Identity.IdentityHub.csproj" />
  </Folder>
  <Folder Name="/k8s/Networking/">
    <Project Path="examples\k8s\Networking\Example.Networking.Gateway\Example.Networking.Gateway.csproj" />
    <Project Path="examples\k8s\Networking\Example.Networking.Rezolvr\Example.Networking.Rezolvr.csproj" />
    <Project Path="examples\k8s\Networking\Example.Networking.VpnGateway\Example.Networking.VpnGateway.csproj" />
  </Folder>
  <Folder Name="/k8s/Platform/">
    <Project Path="examples\k8s\Platform\Example.Platform.ConfigurationStore\Example.Platform.ConfigurationStore.csproj" />
    <Project Path="examples\k8s\Platform\Example.Platform.Gateway\Example.Platform.Gateway.csproj" />
    <Project Path="examples\k8s\Platform\Example.Platform.LogSpace\Example.Platform.LogSpace.csproj" />
    <Project Path="examples\k8s\Platform\Example.Platform.SecretStore\Example.Platform.SecretStore.csproj" />
  </Folder>
  <Folder Name="/k8s/Zones/AppA/">
    <Project Path="examples\k8s\Zones\AppA\Example.AppA.Api\Example.AppA.Api.csproj" />
    <Project Path="examples\k8s\Zones\AppA\Example.AppA.Database\Example.AppA.Database.csproj" />
    <Project Path="examples\k8s\Zones\AppA\Example.AppA.Gateway\Example.AppA.Gateway.csproj" />
    <Project Path="examples\k8s\Zones\AppA\Example.AppA.SecretStore\Example.AppA.SecretStore.csproj" />
    <Project Path="examples\k8s\Zones\AppA\Example.AppA.Spa\Example.AppA.Spa.csproj" />
  </Folder>
  <Folder Name="/k8s/Zones/AppB/">
    <Project Path="examples\k8s\Zones\AppB\Example.AppB.Api\Example.AppB.Api.csproj" />
    <Project Path="examples\k8s\Zones\AppB\Example.AppB.Database\Example.AppB.Database.csproj" />
    <Project Path="examples\k8s\Zones\AppB\Example.AppB.Gateway\Example.AppB.Gateway.csproj" />
    <Project Path="examples\k8s\Zones\AppB\Example.AppB.SecretStore\Example.AppB.SecretStore.csproj" />
    <Project Path="examples\k8s\Zones\AppB\Example.AppB.Spa\Example.AppB.Spa.csproj" />
  </Folder>
  <Folder Name="/k8s/Zones/AppC/">
    <Project Path="examples\k8s\Zones\AppC\Example.AppC.Api\Example.AppC.Api.csproj" />
    <Project Path="examples\k8s\Zones\AppC\Example.AppC.Database\Example.AppC.Database.csproj" />
    <Project Path="examples\k8s\Zones\AppC\Example.AppC.Gateway\Example.AppC.Gateway.csproj" />
    <Project Path="examples\k8s\Zones\AppC\Example.AppC.SecretStore\Example.AppC.SecretStore.csproj" />
    <Project Path="examples\k8s\Zones\AppC\Example.AppC.Spa\Example.AppC.Spa.csproj" />
  </Folder>
  <Folder Name="/k8s-federated/Identity/">
    <Project Path="examples\k8s-federated\Identity\Example.Identity.Gateway\Example.Identity.Gateway.csproj" />
    <Project Path="examples\k8s-federated\Identity\Example.Identity.IdentityHub\Example.Identity.IdentityHub.csproj" />
  </Folder>
  <Folder Name="/k8s-federated/Networking/">
    <Project Path="examples\k8s-federated\Networking\Example.Networking.Gateway\Example.Networking.Gateway.csproj" />
    <Project Path="examples\k8s-federated\Networking\Example.Networking.Rezolvr\Example.Networking.Rezolvr.csproj" />
    <Project Path="examples\k8s-federated\Networking\Example.Networking.VpnGateway\Example.Networking.VpnGateway.csproj" />
  </Folder>
  <Folder Name="/k8s-federated/Platform/">
    <Project Path="examples\k8s-federated\Platform\Example.Platform.ConfigurationStore\Example.Platform.ConfigurationStore.csproj" />
    <Project Path="examples\k8s-federated\Platform\Example.Platform.Gateway\Example.Platform.Gateway.csproj" />
    <Project Path="examples\k8s-federated\Platform\Example.Platform.LogSpace\Example.Platform.LogSpace.csproj" />
    <Project Path="examples\k8s-federated\Platform\Example.Platform.SecretStore\Example.Platform.SecretStore.csproj" />
  </Folder>
  <Folder Name="/k8s-federated/Zones/AppA/">
    <Project Path="examples\k8s-federated\Zones\AppA\Example.AppA.Api\Example.AppA.Api.csproj" />
    <Project Path="examples\k8s-federated\Zones\AppA\Example.AppA.Database\Example.AppA.Database.csproj" />
    <Project Path="examples\k8s-federated\Zones\AppA\Example.AppA.Gateway\Example.AppA.Gateway.csproj" />
    <Project Path="examples\k8s-federated\Zones\AppA\Example.AppA.SecretStore\Example.AppA.SecretStore.csproj" />
    <Project Path="examples\k8s-federated\Zones\AppA\Example.AppA.Spa\Example.AppA.Spa.csproj" />
  </Folder>
  <Folder Name="/k8s-federated/Zones/AppB/">
    <Project Path="examples\k8s-federated\Zones\AppB\Example.AppB.Api\Example.AppB.Api.csproj" />
    <Project Path="examples\k8s-federated\Zones\AppB\Example.AppB.Database\Example.AppB.Database.csproj" />
    <Project Path="examples\k8s-federated\Zones\AppB\Example.AppB.Gateway\Example.AppB.Gateway.csproj" />
    <Project Path="examples\k8s-federated\Zones\AppB\Example.AppB.SecretStore\Example.AppB.SecretStore.csproj" />
    <Project Path="examples\k8s-federated\Zones\AppB\Example.AppB.Spa\Example.AppB.Spa.csproj" />
  </Folder>
  <Folder Name="/k8s-federated/Zones/AppC/">
    <Project Path="examples\k8s-federated\Zones\AppC\Example.AppC.Api\Example.AppC.Api.csproj" />
    <Project Path="examples\k8s-federated\Zones\AppC\Example.AppC.Database\Example.AppC.Database.csproj" />
    <Project Path="examples\k8s-federated\Zones\AppC\Example.AppC.Gateway\Example.AppC.Gateway.csproj" />
    <Project Path="examples\k8s-federated\Zones\AppC\Example.AppC.SecretStore\Example.AppC.SecretStore.csproj" />
    <Project Path="examples\k8s-federated\Zones\AppC\Example.AppC.Spa\Example.AppC.Spa.csproj" />
  </Folder>
</Solution>
